
Microsoft Visual Studio Solution File, Format Version 12.00
# Visual Studio Version 16
VisualStudioVersion = 16.0.30114.105
MinimumVisualStudioVersion = 10.0.40219.1
Project("{FAE04EC0-301F-11D3-BF4B-00C04F79EFBC}") = "Inheritance", "Inheritance.csproj", "{6550B70A-57DA-4752-9429-FAA5F84A4275}"
EndProject
Global
	GlobalSection(SolutionConfigurationPlatforms) = preSolution
		Debug|Any CPU = Debug|Any CPU
		Release|Any CPU = Release|Any CPU
	EndGlobalSection
	GlobalSection(ProjectConfigurationPlatforms) = postSolution
		{6550B70A-57DA-4752-9429-FAA5F84A4275}.Debug|Any CPU.ActiveCfg = Debug|Any CPU
		{6550B70A-57DA-4752-9429-FAA5F84A4275}.Debug|Any CPU.Build.0 = Debug|Any CPU
		{6550B70A-57DA-4752-9429-FAA5F84A4275}.Release|Any CPU.ActiveCfg = Release|Any CPU
		{6550B70A-57DA-4752-9429-FAA5F84A4275}.Release|Any CPU.Build.0 = Release|Any CPU
	EndGlobalSection
	GlobalSection(SolutionProperties) = preSolution
		HideSolutionNode = FALSE
	EndGlobalSection
	GlobalSection(ExtensibilityGlobals) = postSolution
		SolutionGuid = {D4BF80E2-C45A-46B3-AFCA-5D962A940803}
	EndGlobalSection
EndGlobal
